// !$*UTF8*$!
{
	archiveVersion = 1;
	classes = {
	};
	objectVersion = 55;
	objects = {

/* Begin PBXBuildFile section */
		0368EA2E2934EBD6008991DF /* AppDelegate.swift in Sources */ = {isa = PBXBuildFile; fileRef = 0368EA2D2934EBD6008991DF /* AppDelegate.swift */; };
		0368EA302934EBD6008991DF /* SceneDelegate.swift in Sources */ = {isa = PBXBuildFile; fileRef = 0368EA2F2934EBD6008991DF /* SceneDelegate.swift */; };
		0368EA322934EBD6008991DF /* ViewController.swift in Sources */ = {isa = PBXBuildFile; fileRef = 0368EA312934EBD6008991DF /* ViewController.swift */; };
		0368EA352934EBD6008991DF /* Main.storyboard in Resources */ = {isa = PBXBuildFile; fileRef = 0368EA332934EBD6008991DF /* Main.storyboard */; };
		0368EA372934EBD6008991DF /* Assets.xcassets in Resources */ = {isa = PBXBuildFile; fileRef = 0368EA362934EBD6008991DF /* Assets.xcassets */; };
		0368EA3A2934EBD6008991DF /* LaunchScreen.storyboard in Resources */ = {isa = PBXBuildFile; fileRef = 0368EA382934EBD6008991DF /* LaunchScreen.storyboard */; };
		0368EA452934EBD7008991DF /* noWasteAITests.swift in Sources */ = {isa = PBXBuildFile; fileRef = 0368EA442934EBD7008991DF /* noWasteAITests.swift */; };
		0368EA4F2934EBD7008991DF /* noWasteAIUITests.swift in Sources */ = {isa = PBXBuildFile; fileRef = 0368EA4E2934EBD7008991DF /* noWasteAIUITests.swift */; };
		0368EA512934EBD7008991DF /* noWasteAIUITestsLaunchTests.swift in Sources */ = {isa = PBXBuildFile; fileRef = 0368EA502934EBD7008991DF /* noWasteAIUITestsLaunchTests.swift */; };
/* End PBXBuildFile section */

/* Begin PBXContainerItemProxy section */
		0368EA412934EBD7008991DF /* PBXContainerItemProxy */ = {
			isa = PBXContainerItemProxy;
			containerPortal = 0368EA222934EBD6008991DF /* Project object */;
			proxyType = 1;
			remoteGlobalIDString = 0368EA292934EBD6008991DF;
			remoteInfo = noWasteAI;
		};
		0368EA4B2934EBD7008991DF /* PBXContainerItemProxy */ = {
			isa = PBXContainerItemProxy;
			containerPortal = 0368EA222934EBD6008991DF /* Project object */;
			proxyType = 1;
			remoteGlobalIDString = 0368EA292934EBD6008991DF;
			remoteInfo = noWasteAI;
		};
/* End PBXContainerItemProxy section */

/* Begin PBXFileReference section */
		0368EA2A2934EBD6008991DF /* noWasteAI.app */ = {isa = PBXFileReference; explicitFileType = wrapper.application; includeInIndex = 0; path = noWasteAI.app; sourceTree = BUILT_PRODUCTS_DIR; };
		0368EA2D2934EBD6008991DF /* AppDelegate.swift */ = {isa = PBXFileReference; lastKnownFileType = sourcecode.swift; path = AppDelegate.swift; sourceTree = "<group>"; };
		0368EA2F2934EBD6008991DF /* SceneDelegate.swift */ = {isa = PBXFileReference; lastKnownFileType = sourcecode.swift; path = SceneDelegate.swift; sourceTree = "<group>"; };
		0368EA312934EBD6008991DF /* ViewController.swift */ = {isa = PBXFileReference; lastKnownFileType = sourcecode.swift; path = ViewController.swift; sourceTree = "<group>"; };
		0368EA342934EBD6008991DF /* Base */ = {isa = PBXFileReference; lastKnownFileType = file.storyboard; name = Base; path = Base.lproj/Main.storyboard; sourceTree = "<group>"; };
		0368EA362934EBD6008991DF /* Assets.xcassets */ = {isa = PBXFileReference; lastKnownFileType = folder.assetcatalog; path = Assets.xcassets; sourceTree = "<group>"; };
		0368EA392934EBD6008991DF /* Base */ = {isa = PBXFileReference; lastKnownFileType = file.storyboard; name = Base; path = Base.lproj/LaunchScreen.storyboard; sourceTree = "<group>"; };
		0368EA3B2934EBD6008991DF /* Info.plist */ = {isa = PBXFileReference; lastKnownFileType = text.plist.xml; path = Info.plist; sourceTree = "<group>"; };
		0368EA402934EBD7008991DF /* noWasteAITests.xctest */ = {isa = PBXFileReference; explicitFileType = wrapper.cfbundle; includeInIndex = 0; path = noWasteAITests.xctest; sourceTree = BUILT_PRODUCTS_DIR; };
		0368EA442934EBD7008991DF /* noWasteAITests.swift */ = {isa = PBXFileReference; lastKnownFileType = sourcecode.swift; path = noWasteAITests.swift; sourceTree = "<group>"; };
		0368EA4A2934EBD7008991DF /* noWasteAIUITests.xctest */ = {isa = PBXFileReference; explicitFileType = wrapper.cfbundle; includeInIndex = 0; path = noWasteAIUITests.xctest; sourceTree = BUILT_PRODUCTS_DIR; };
		0368EA4E2934EBD7008991DF /* noWasteAIUITests.swift */ = {isa = PBXFileReference; lastKnownFileType = sourcecode.swift; path = noWasteAIUITests.swift; sourceTree = "<group>"; };
		0368EA502934EBD7008991DF /* noWasteAIUITestsLaunchTests.swift */ = {isa = PBXFileReference; lastKnownFileType = sourcecode.swift; path = noWasteAIUITestsLaunchTests.swift; sourceTree = "<group>"; };
/* End PBXFileReference section */

/* Begin PBXFrameworksBuildPhase section */
		0368EA272934EBD6008991DF /* Frameworks */ = {
			isa = PBXFrameworksBuildPhase;
			buildActionMask = 2147483647;
			files = (
			);
			runOnlyForDeploymentPostprocessing = 0;
		};
		0368EA3D2934EBD7008991DF /* Frameworks */ = {
			isa = PBXFrameworksBuildPhase;
			buildActionMask = 2147483647;
			files = (
			);
			runOnlyForDeploymentPostprocessing = 0;
		};
		0368EA472934EBD7008991DF /* Frameworks */ = {
			isa = PBXFrameworksBuildPhase;
			buildActionMask = 2147483647;
			files = (
			);
			runOnlyForDeploymentPostprocessing = 0;
		};
/* End PBXFrameworksBuildPhase section */

/* Begin PBXGroup section */
		0368EA212934EBD6008991DF = {
			isa = PBXGroup;
			children = (
				0368EA2C2934EBD6008991DF /* noWasteAI */,
				0368EA432934EBD7008991DF /* noWasteAITests */,
				0368EA4D2934EBD7008991DF /* noWasteAIUITests */,
				0368EA2B2934EBD6008991DF /* Products */,
			);
			sourceTree = "<group>";
		};
		0368EA2B2934EBD6008991DF /* Products */ = {
			isa = PBXGroup;
			children = (
				0368EA2A2934EBD6008991DF /* noWasteAI.app */,
				0368EA402934EBD7008991DF /* noWasteAITests.xctest */,
				0368EA4A2934EBD7008991DF /* noWasteAIUITests.xctest */,
			);
			name = Products;
			sourceTree = "<group>";
		};
		0368EA2C2934EBD6008991DF /* noWasteAI */ = {
			isa = PBXGroup;
			children = (
				0368EA2D2934EBD6008991DF /* AppDelegate.swift */,
				0368EA2F2934EBD6008991DF /* SceneDelegate.swift */,
				0368EA312934EBD6008991DF /* ViewController.swift */,
				0368EA332934EBD6008991DF /* Main.storyboard */,
				0368EA362934EBD6008991DF /* Assets.xcassets */,
				0368EA382934EBD6008991DF /* LaunchScreen.storyboard */,
				0368EA3B2934EBD6008991DF /* Info.plist */,
			);
			path = noWasteAI;
			sourceTree = "<group>";
		};
		0368EA432934EBD7008991DF /* noWasteAITests */ = {
			isa = PBXGroup;
			children = (
				0368EA442934EBD7008991DF /* noWasteAITests.swift */,
			);
			path = noWasteAITests;
			sourceTree = "<group>";
		};
		0368EA4D2934EBD7008991DF /* noWasteAIUITests */ = {
			isa = PBXGroup;
			children = (
				0368EA4E2934EBD7008991DF /* noWasteAIUITests.swift */,
				0368EA502934EBD7008991DF /* noWasteAIUITestsLaunchTests.swift */,
			);
			path = noWasteAIUITests;
			sourceTree = "<group>";
		};
/* End PBXGroup section */

/* Begin PBXNativeTarget section */
		0368EA292934EBD6008991DF /* noWasteAI */ = {
			isa = PBXNativeTarget;
			buildConfigurationList = 0368EA542934EBD7008991DF /* Build configuration list for PBXNativeTarget "noWasteAI" */;
			buildPhases = (
				0368EA262934EBD6008991DF /* Sources */,
				0368EA272934EBD6008991DF /* Frameworks */,
				0368EA282934EBD6008991DF /* Resources */,
			);
			buildRules = (
			);
			dependencies = (
			);
			name = noWasteAI;
			productName = noWasteAI;
			productReference = 0368EA2A2934EBD6008991DF /* noWasteAI.app */;
			productType = "com.apple.product-type.application";
		};
		0368EA3F2934EBD7008991DF /* noWasteAITests */ = {
			isa = PBXNativeTarget;
			buildConfigurationList = 0368EA572934EBD7008991DF /* Build configuration list for PBXNativeTarget "noWasteAITests" */;
			buildPhases = (
				0368EA3C2934EBD7008991DF /* Sources */,
				0368EA3D2934EBD7008991DF /* Frameworks */,
				0368EA3E2934EBD7008991DF /* Resources */,
			);
			buildRules = (
			);
			dependencies = (
				0368EA422934EBD7008991DF /* PBXTargetDependency */,
			);
			name = noWasteAITests;
			productName = noWasteAITests;
			productReference = 0368EA402934EBD7008991DF /* noWasteAITests.xctest */;
			productType = "com.apple.product-type.bundle.unit-test";
		};
		0368EA492934EBD7008991DF /* noWasteAIUITests */ = {
			isa = PBXNativeTarget;
			buildConfigurationList = 0368EA5A2934EBD7008991DF /* Build configuration list for PBXNativeTarget "noWasteAIUITests" */;
			buildPhases = (
				0368EA462934EBD7008991DF /* Sources */,
				0368EA472934EBD7008991DF /* Frameworks */,
				0368EA482934EBD7008991DF /* Resources */,
			);
			buildRules = (
			);
			dependencies = (
				0368EA4C2934EBD7008991DF /* PBXTargetDependency */,
			);
			name = noWasteAIUITests;
			productName = noWasteAIUITests;
			productReference = 0368EA4A2934EBD7008991DF /* noWasteAIUITests.xctest */;
			productType = "com.apple.product-type.bundle.ui-testing";
		};
/* End PBXNativeTarget section */

/* Begin PBXProject section */
		0368EA222934EBD6008991DF /* Project object */ = {
			isa = PBXProject;
			attributes = {
				BuildIndependentTargetsInParallel = 1;
				LastSwiftUpdateCheck = 1340;
				LastUpgradeCheck = 1340;
				TargetAttributes = {
					0368EA292934EBD6008991DF = {
						CreatedOnToolsVersion = 13.4.1;
					};
					0368EA3F2934EBD7008991DF = {
						CreatedOnToolsVersion = 13.4.1;
						TestTargetID = 0368EA292934EBD6008991DF;
					};
					0368EA492934EBD7008991DF = {
						CreatedOnToolsVersion = 13.4.1;
						TestTargetID = 0368EA292934EBD6008991DF;
					};
				};
			};
			buildConfigurationList = 0368EA252934EBD6008991DF /* Build configuration list for PBXProject "noWasteAI" */;
			compatibilityVersion = "Xcode 13.0";
			developmentRegion = en;
			hasScannedForEncodings = 0;
			knownRegions = (
				en,
				Base,
			);
			mainGroup = 0368EA212934EBD6008991DF;
			productRefGroup = 0368EA2B2934EBD6008991DF /* Products */;
			projectDirPath = "";
			projectRoot = "";
			targets = (
				0368EA292934EBD6008991DF /* noWasteAI */,
				0368EA3F2934EBD7008991DF /* noWasteAITests */,
				0368EA492934EBD7008991DF /* noWasteAIUITests */,
			);
		};
/* End PBXProject section */

/* Begin PBXResourcesBuildPhase section */
		0368EA282934EBD6008991DF /* Resources */ = {
			isa = PBXResourcesBuildPhase;
			buildActionMask = 2147483647;
			files = (
				0368EA3A2934EBD6008991DF /* LaunchScreen.storyboard in Resources */,
				0368EA372934EBD6008991DF /* Assets.xcassets in Resources */,
				0368EA352934EBD6008991DF /* Main.storyboard in Resources */,
			);
			runOnlyForDeploymentPostprocessing = 0;
		};
		0368EA3E2934EBD7008991DF /* Resources */ = {
			isa = PBXResourcesBuildPhase;
			buildActionMask = 2147483647;
			files = (
			);
			runOnlyForDeploymentPostprocessing = 0;
		};
		0368EA482934EBD7008991DF /* Resources */ = {
			isa = PBXResourcesBuildPhase;
			buildActionMask = 2147483647;
			files = (
			);
			runOnlyForDeploymentPostprocessing = 0;
		};
/* End PBXResourcesBuildPhase section */

/* Begin PBXSourcesBuildPhase section */
		0368EA262934EBD6008991DF /* Sources */ = {
			isa = PBXSourcesBuildPhase;
			buildActionMask = 2147483647;
			files = (
				0368EA322934EBD6008991DF /* ViewController.swift in Sources */,
				0368EA2E2934EBD6008991DF /* AppDelegate.swift in Sources */,
				0368EA302934EBD6008991DF /* SceneDelegate.swift in Sources */,
			);
			runOnlyForDeploymentPostprocessing = 0;
		};
		0368EA3C2934EBD7008991DF /* Sources */ = {
			isa = PBXSourcesBuildPhase;
			buildActionMask = 2147483647;
			files = (
				0368EA452934EBD7008991DF /* noWasteAITests.swift in Sources */,
			);
			runOnlyForDeploymentPostprocessing = 0;
		};
		0368EA462934EBD7008991DF /* Sources */ = {
			isa = PBXSourcesBuildPhase;
			buildActionMask = 2147483647;
			files = (
				0368EA512934EBD7008991DF /* noWasteAIUITestsLaunchTests.swift in Sources */,
				0368EA4F2934EBD7008991DF /* noWasteAIUITests.swift in Sources */,
			);
			runOnlyForDeploymentPostprocessing = 0;
		};
/* End PBXSourcesBuildPhase section */

/* Begin PBXTargetDependency section */
		0368EA422934EBD7008991DF /* PBXTargetDependency */ = {
			isa = PBXTargetDependency;
			target = 0368EA292934EBD6008991DF /* noWasteAI */;
			targetProxy = 0368EA412934EBD7008991DF /* PBXContainerItemProxy */;
		};
		0368EA4C2934EBD7008991DF /* PBXTargetDependency */ = {
			isa = PBXTargetDependency;
			target = 0368EA292934EBD6008991DF /* noWasteAI */;
			targetProxy = 0368EA4B2934EBD7008991DF /* PBXContainerItemProxy */;
		};
/* End PBXTargetDependency section */

/* Begin PBXVariantGroup section */
		0368EA332934EBD6008991DF /* Main.storyboard */ = {
			isa = PBXVariantGroup;
			children = (
				0368EA342934EBD6008991DF /* Base */,
			);
			name = Main.storyboard;
			sourceTree = "<group>";
		};
		0368EA382934EBD6008991DF /* LaunchScreen.storyboard */ = {
			isa = PBXVariantGroup;
			children = (
				0368EA392934EBD6008991DF /* Base */,
			);
			name = LaunchScreen.storyboard;
			sourceTree = "<group>";
		};
/* End PBXVariantGroup section */

/* Begin XCBuildConfiguration section */
		0368EA522934EBD7008991DF /* Debug */ = {
			isa = XCBuildConfiguration;
			buildSettings = {
				ALWAYS_SEARCH_USER_PATHS = NO;
				CLANG_ANALYZER_NONNULL = YES;
				CLANG_ANALYZER_NUMBER_OBJECT_CONVERSION = YES_AGGRESSIVE;
				CLANG_CXX_LANGUAGE_STANDARD = "gnu++17";
				CLANG_ENABLE_MODULES = YES;
				CLANG_ENABLE_OBJC_ARC = YES;
				CLANG_ENABLE_OBJC_WEAK = YES;
				CLANG_WARN_BLOCK_CAPTURE_AUTORELEASING = YES;
				CLANG_WARN_BOOL_CONVERSION = YES;
				CLANG_WARN_COMMA = YES;
				CLANG_WARN_CONSTANT_CONVERSION = YES;
				CLANG_WARN_DEPRECATED_OBJC_IMPLEMENTATIONS = YES;
				CLANG_WARN_DIRECT_OBJC_ISA_USAGE = YES_ERROR;
				CLANG_WARN_DOCUMENTATION_COMMENTS = YES;
				CLANG_WARN_EMPTY_BODY = YES;
				CLANG_WARN_ENUM_CONVERSION = YES;
				CLANG_WARN_INFINITE_RECURSION = YES;
				CLANG_WARN_INT_CONVERSION = YES;
				CLANG_WARN_NON_LITERAL_NULL_CONVERSION = YES;
				CLANG_WARN_OBJC_IMPLICIT_RETAIN_SELF = YES;
				CLANG_WARN_OBJC_LITERAL_CONVERSION = YES;
				CLANG_WARN_OBJC_ROOT_CLASS = YES_ERROR;
				CLANG_WARN_QUOTED_INCLUDE_IN_FRAMEWORK_HEADER = YES;
				CLANG_WARN_RANGE_LOOP_ANALYSIS = YES;
				CLANG_WARN_STRICT_PROTOTYPES = YES;
				CLANG_WARN_SUSPICIOUS_MOVE = YES;
				CLANG_WARN_UNGUARDED_AVAILABILITY = YES_AGGRESSIVE;
				CLANG_WARN_UNREACHABLE_CODE = YES;
				CLANG_WARN__DUPLICATE_METHOD_MATCH = YES;
				COPY_PHASE_STRIP = NO;
				DEBUG_INFORMATION_FORMAT = dwarf;
				ENABLE_STRICT_OBJC_MSGSEND = YES;
				ENABLE_TESTABILITY = YES;
				GCC_C_LANGUAGE_STANDARD = gnu11;
				GCC_DYNAMIC_NO_PIC = NO;
				GCC_NO_COMMON_BLOCKS = YES;
				GCC_OPTIMIZATION_LEVEL = 0;
				GCC_PREPROCESSOR_DEFINITIONS = (
					"DEBUG=1",
					"$(inherited)",
				);
				GCC_WARN_64_TO_32_BIT_CONVERSION = YES;
				GCC_WARN_ABOUT_RETURN_TYPE = YES_ERROR;
				GCC_WARN_UNDECLARED_SELECTOR = YES;
				GCC_WARN_UNINITIALIZED_AUTOS = YES_AGGRESSIVE;
				GCC_WARN_UNUSED_FUNCTION = YES;
				GCC_WARN_UNUSED_VARIABLE = YES;
				IPHONEOS_DEPLOYMENT_TARGET = 15.5;
				MTL_ENABLE_DEBUG_INFO = INCLUDE_SOURCE;
				MTL_FAST_MATH = YES;
				ONLY_ACTIVE_ARCH = YES;
				SDKROOT = iphoneos;
				SWIFT_ACTIVE_COMPILATION_CONDITIONS = DEBUG;
				SWIFT_OPTIMIZATION_LEVEL = "-Onone";
			};
			name = Debug;
		};
		0368EA532934EBD7008991DF /* Release */ = {
			isa = XCBuildConfiguration;
			buildSettings = {
				ALWAYS_SEARCH_USER_PATHS = NO;
				CLANG_ANALYZER_NONNULL = YES;
				CLANG_ANALYZER_NUMBER_OBJECT_CONVERSION = YES_AGGRESSIVE;
				CLANG_CXX_LANGUAGE_STANDARD = "gnu++17";
				CLANG_ENABLE_MODULES = YES;
				CLANG_ENABLE_OBJC_ARC = YES;
				CLANG_ENABLE_OBJC_WEAK = YES;
				CLANG_WARN_BLOCK_CAPTURE_AUTORELEASING = YES;
				CLANG_WARN_BOOL_CONVERSION = YES;
				CLANG_WARN_COMMA = YES;
				CLANG_WARN_CONSTANT_CONVERSION = YES;
				CLANG_WARN_DEPRECATED_OBJC_IMPLEMENTATIONS = YES;
				CLANG_WARN_DIRECT_OBJC_ISA_USAGE = YES_ERROR;
				CLANG_WARN_DOCUMENTATION_COMMENTS = YES;
				CLANG_WARN_EMPTY_BODY = YES;
				CLANG_WARN_ENUM_CONVERSION = YES;
				CLANG_WARN_INFINITE_RECURSION = YES;
				CLANG_WARN_INT_CONVERSION = YES;
				CLANG_WARN_NON_LITERAL_NULL_CONVERSION = YES;
				CLANG_WARN_OBJC_IMPLICIT_RETAIN_SELF = YES;
				CLANG_WARN_OBJC_LITERAL_CONVERSION = YES;
				CLANG_WARN_OBJC_ROOT_CLASS = YES_ERROR;
				CLANG_WARN_QUOTED_INCLUDE_IN_FRAMEWORK_HEADER = YES;
				CLANG_WARN_RANGE_LOOP_ANALYSIS = YES;
				CLANG_WARN_STRICT_PROTOTYPES = YES;
				CLANG_WARN_SUSPICIOUS_MOVE = YES;
				CLANG_WARN_UNGUARDED_AVAILABILITY = YES_AGGRESSIVE;
				CLANG_WARN_UNREACHABLE_CODE = YES;
				CLANG_WARN__DUPLICATE_METHOD_MATCH = YES;
				COPY_PHASE_STRIP = NO;
				DEBUG_INFORMATION_FORMAT = "dwarf-with-dsym";
				ENABLE_NS_ASSERTIONS = NO;
				ENABLE_STRICT_OBJC_MSGSEND = YES;
				GCC_C_LANGUAGE_STANDARD = gnu11;
				GCC_NO_COMMON_BLOCKS = YES;
				GCC_WARN_64_TO_32_BIT_CONVERSION = YES;
				GCC_WARN_ABOUT_RETURN_TYPE = YES_ERROR;
				GCC_WARN_UNDECLARED_SELECTOR = YES;
				GCC_WARN_UNINITIALIZED_AUTOS = YES_AGGRESSIVE;
				GCC_WARN_UNUSED_FUNCTION = YES;
				GCC_WARN_UNUSED_VARIABLE = YES;
				IPHONEOS_DEPLOYMENT_TARGET = 15.5;
				MTL_ENABLE_DEBUG_INFO = NO;
				MTL_FAST_MATH = YES;
				SDKROOT = iphoneos;
				SWIFT_COMPILATION_MODE = wholemodule;
				SWIFT_OPTIMIZATION_LEVEL = "-O";
				VALIDATE_PRODUCT = YES;
			};
			name = Release;
		};
		0368EA552934EBD7008991DF /* Debug */ = {
			isa = XCBuildConfiguration;
			buildSettings = {
				ASSETCATALOG_COMPILER_APPICON_NAME = AppIcon;
				ASSETCATALOG_COMPILER_GLOBAL_ACCENT_COLOR_NAME = AccentColor;
				CODE_SIGN_STYLE = Automatic;
				CURRENT_PROJECT_VERSION = 1;
				DEVELOPMENT_TEAM = 9952M997H3;
				GENERATE_INFOPLIST_FILE = YES;
				INFOPLIST_FILE = noWasteAI/Info.plist;
				INFOPLIST_KEY_NSCameraUsageDescription = "We need your camera!";
				INFOPLIST_KEY_UIApplicationSupportsIndirectInputEvents = YES;
				INFOPLIST_KEY_UILaunchStoryboardName = LaunchScreen;
				INFOPLIST_KEY_UIMainStoryboardFile = Main;
				INFOPLIST_KEY_UISupportedInterfaceOrientations_iPad = "UIInterfaceOrientationPortrait UIInterfaceOrientationPortraitUpsideDown UIInterfaceOrientationLandscapeLeft UIInterfaceOrientationLandscapeRight";
				INFOPLIST_KEY_UISupportedInterfaceOrientations_iPhone = "UIInterfaceOrientationPortrait UIInterfaceOrientationLandscapeLeft UIInterfaceOrientationLandscapeRight";
				LD_RUNPATH_SEARCH_PATHS = (
					"$(inherited)",
					"@executable_path/Frameworks",
				);
				MARKETING_VERSION = 1.0;
				PRODUCT_BUNDLE_IDENTIFIER = com.tejguntuku.noWasteAI;
				PRODUCT_NAME = "$(TARGET_NAME)";
				SWIFT_EMIT_LOC_STRINGS = YES;
				SWIFT_VERSION = 5.0;
				TARGETED_DEVICE_FAMILY = "1,2";
			};
			name = Debug;
		};
		0368EA562934EBD7008991DF /* Release */ = {
			isa = XCBuildConfiguration;
			buildSettings = {
				ASSETCATALOG_COMPILER_APPICON_NAME = AppIcon;
				ASSETCATALOG_COMPILER_GLOBAL_ACCENT_COLOR_NAME = AccentColor;
				CODE_SIGN_STYLE = Automatic;
				CURRENT_PROJECT_VERSION = 1;
				DEVELOPMENT_TEAM = 9952M997H3;
				GENERATE_INFOPLIST_FILE = YES;
				INFOPLIST_FILE = noWasteAI/Info.plist;
				INFOPLIST_KEY_NSCameraUsageDescription = "We need your camera!";
				INFOPLIST_KEY_UIApplicationSupportsIndirectInputEvents = YES;
				INFOPLIST_KEY_UILaunchStoryboardName = LaunchScreen;
				INFOPLIST_KEY_UIMainStoryboardFile = Main;
				INFOPLIST_KEY_UISupportedInterfaceOrientations_iPad = "UIInterfaceOrientationPortrait UIInterfaceOrientationPortraitUpsideDown UIInterfaceOrientationLandscapeLeft UIInterfaceOrientationLandscapeRight";
				INFOPLIST_KEY_UISupportedInterfaceOrientations_iPhone = "UIInterfaceOrientationPortrait UIInterfaceOrientationLandscapeLeft UIInterfaceOrientationLandscapeRight";
				LD_RUNPATH_SEARCH_PATHS = (
					"$(inherited)",
					"@executable_path/Frameworks",
				);
				MARKETING_VERSION = 1.0;
				PRODUCT_BUNDLE_IDENTIFIER = com.tejguntuku.noWasteAI;
				PRODUCT_NAME = "$(TARGET_NAME)";
				SWIFT_EMIT_LOC_STRINGS = YES;
				SWIFT_VERSION = 5.0;
				TARGETED_DEVICE_FAMILY = "1,2";
			};
			name = Release;
		};
		0368EA582934EBD7008991DF /* Debug */ = {
			isa = XCBuildConfiguration;
			buildSettings = {
				ALWAYS_EMBED_SWIFT_STANDARD_LIBRARIES = YES;
				BUNDLE_LOADER = "$(TEST_HOST)";
				CODE_SIGN_STYLE = Automatic;
				CURRENT_PROJECT_VERSION = 1;
				DEVELOPMENT_TEAM = 9952M997H3;
				GENERATE_INFOPLIST_FILE = YES;
				IPHONEOS_DEPLOYMENT_TARGET = 15.5;
				MARKETING_VERSION = 1.0;
				PRODUCT_BUNDLE_IDENTIFIER = com.tejguntuku.noWasteAITests;
				PRODUCT_NAME = "$(TARGET_NAME)";
				SWIFT_EMIT_LOC_STRINGS = NO;
				SWIFT_VERSION = 5.0;
				TARGETED_DEVICE_FAMILY = "1,2";
				TEST_HOST = "$(BUILT_PRODUCTS_DIR)/noWasteAI.app/noWasteAI";
			};
			name = Debug;
		};
		0368EA592934EBD7008991DF /* Release */ = {
			isa = XCBuildConfiguration;
			buildSettings = {
				ALWAYS_EMBED_SWIFT_STANDARD_LIBRARIES = YES;
				BUNDLE_LOADER = "$(TEST_HOST)";
				CODE_SIGN_STYLE = Automatic;
				CURRENT_PROJECT_VERSION = 1;
				DEVELOPMENT_TEAM = 9952M997H3;
				GENERATE_INFOPLIST_FILE = YES;
				IPHONEOS_DEPLOYMENT_TARGET = 15.5;
				MARKETING_VERSION = 1.0;
				PRODUCT_BUNDLE_IDENTIFIER = com.tejguntuku.noWasteAITests;
				PRODUCT_NAME = "$(TARGET_NAME)";
				SWIFT_EMIT_LOC_STRINGS = NO;
				SWIFT_VERSION = 5.0;
				TARGETED_DEVICE_FAMILY = "1,2";
				TEST_HOST = "$(BUILT_PRODUCTS_DIR)/noWasteAI.app/noWasteAI";
			};
			name = Release;
		};
		0368EA5B2934EBD7008991DF /* Debug */ = {
			isa = XCBuildConfiguration;
			buildSettings = {
				ALWAYS_EMBED_SWIFT_STANDARD_LIBRARIES = YES;
				CODE_SIGN_STYLE = Automatic;
				CURRENT_PROJECT_VERSION = 1;
				DEVELOPMENT_TEAM = 9952M997H3;
				GENERATE_INFOPLIST_FILE = YES;
				MARKETING_VERSION = 1.0;
				PRODUCT_BUNDLE_IDENTIFIER = com.tejguntuku.noWasteAIUITests;
				PRODUCT_NAME = "$(TARGET_NAME)";
				SWIFT_EMIT_LOC_STRINGS = NO;
				SWIFT_VERSION = 5.0;
				TARGETED_DEVICE_FAMILY = "1,2";
				TEST_TARGET_NAME = noWasteAI;
			};
			name = Debug;
		};
		0368EA5C2934EBD7008991DF /* Release */ = {
			isa = XCBuildConfiguration;
			buildSettings = {
				ALWAYS_EMBED_SWIFT_STANDARD_LIBRARIES = YES;
				CODE_SIGN_STYLE = Automatic;
				CURRENT_PROJECT_VERSION = 1;
				DEVELOPMENT_TEAM = 9952M997H3;
				GENERATE_INFOPLIST_FILE = YES;
				MARKETING_VERSION = 1.0;
				PRODUCT_BUNDLE_IDENTIFIER = com.tejguntuku.noWasteAIUITests;
				PRODUCT_NAME = "$(TARGET_NAME)";
				SWIFT_EMIT_LOC_STRINGS = NO;
				SWIFT_VERSION = 5.0;
				TARGETED_DEVICE_FAMILY = "1,2";
				TEST_TARGET_NAME = noWasteAI;
			};
			name = Release;
		};
/* End XCBuildConfiguration section */

/* Begin XCConfigurationList section */
		0368EA252934EBD6008991DF /* Build configuration list for PBXProject "noWasteAI" */ = {
			isa = XCConfigurationList;
			buildConfigurations = (
				0368EA522934EBD7008991DF /* Debug */,
				0368EA532934EBD7008991DF /* Release */,
			);
			defaultConfigurationIsVisible = 0;
			defaultConfigurationName = Release;
		};
		0368EA542934EBD7008991DF /* Build configuration list for PBXNativeTarget "noWasteAI" */ = {
			isa = XCConfigurationList;
			buildConfigurations = (
				0368EA552934EBD7008991DF /* Debug */,
				0368EA562934EBD7008991DF /* Release */,
			);
			defaultConfigurationIsVisible = 0;
			defaultConfigurationName = Release;
		};
		0368EA572934EBD7008991DF /* Build configuration list for PBXNativeTarget "noWasteAITests" */ = {
			isa = XCConfigurationList;
			buildConfigurations = (
				0368EA582934EBD7008991DF /* Debug */,
				0368EA592934EBD7008991DF /* Release */,
			);
			defaultConfigurationIsVisible = 0;
			defaultConfigurationName = Release;
		};
		0368EA5A2934EBD7008991DF /* Build configuration list for PBXNativeTarget "noWasteAIUITests" */ = {
			isa = XCConfigurationList;
			buildConfigurations = (
				0368EA5B2934EBD7008991DF /* Debug */,
				0368EA5C2934EBD7008991DF /* Release */,
			);
			defaultConfigurationIsVisible = 0;
			defaultConfigurationName = Release;
		};
/* End XCConfigurationList section */
	};
	rootObject = 0368EA222934EBD6008991DF /* Project object */;
}
